<?xml version="1.0" encoding="utf-8"?>
<Project ToolsVersion="4.0" xmlns="http://schemas.microsoft.com/developer/msbuild/2003">
  <ItemGroup>
    <CudaCompile Include="Blockchain.cu" />
    <CudaCompile Include="Sha256.cu" />
    <CudaCompile Include="Main.cu" />
    <CudaCompile Include="Block.cu" />
  </ItemGroup>
  <ItemGroup>
    <Filter Include="Header Files">
      <UniqueIdentifier>{3a48d6dd-46b0-483b-9b17-bd50962e7a15}</UniqueIdentifier>
    </Filter>
  </ItemGroup>
  <ItemGroup>
    <ClInclude Include="Block.cuh">
      <Filter>Header Files</Filter>
    </ClInclude>
    <ClInclude Include="Blockchain.cuh">
      <Filter>Header Files</Filter>
    </ClInclude>
    <ClInclude Include="Sha256.cuh">
      <Filter>Header Files</Filter>
    </ClInclude>
    <ClInclude Include="Sha256Host.cuh">
      <Filter>Header Files</Filter>
    </ClInclude>
  </ItemGroup>
</Project>